<?xml version="1.0" encoding="utf-8"?>
<Project ToolsVersion="17.0" xmlns="http://schemas.microsoft.com/developer/msbuild/2003">
  <ItemGroup>
    <CustomBuild Include="C:\Users\ilker\Desktop\CmakeProject\Calculator\build-vscode\CMakeFiles\b7e3bc9d3802182f964e59f54ca88044\INSTALL_force.rule">
      <Filter>CMake Rules</Filter>
    </CustomBuild>
  </ItemGroup>
  <ItemGroup>
    <Filter Include="CMake Rules">
      <UniqueIdentifier>{4A6DD38D-28CF-38C1-ABB9-A08325BF25FC}</UniqueIdentifier>
    </Filter>
  </ItemGroup>
</Project>
